
Microsoft Visual Studio Solution File, Format Version 12.00
# Visual Studio Version 17
VisualStudioVersion = 17.0.31903.59
MinimumVisualStudioVersion = 10.0.40219.1
Project("{FAE04EC0-301F-11D3-BF4B-00C04F79EFBC}") = "PrimeService", "PrimeService\PrimeService.csproj", "{EE175750-2FB5-450A-9AFB-C52EF247D717}"
EndProject
Project("{FAE04EC0-301F-11D3-BF4B-00C04F79EFBC}") = "PrimeService.Tests", "PrimeService.Tests\PrimeService.Tests.csproj", "{B905D62B-D0B2-4118-BA1F-CF0179C5C6A1}"
EndProject
Global
	GlobalSection(SolutionConfigurationPlatforms) = preSolution
		Debug|Any CPU = Debug|Any CPU
		Release|Any CPU = Release|Any CPU
	EndGlobalSection
	GlobalSection(SolutionProperties) = preSolution
		HideSolutionNode = FALSE
	EndGlobalSection
	GlobalSection(ProjectConfigurationPlatforms) = postSolution
		{EE175750-2FB5-450A-9AFB-C52EF247D717}.Debug|Any CPU.ActiveCfg = Debug|Any CPU
		{EE175750-2FB5-450A-9AFB-C52EF247D717}.Debug|Any CPU.Build.0 = Debug|Any CPU
		{EE175750-2FB5-450A-9AFB-C52EF247D717}.Release|Any CPU.ActiveCfg = Release|Any CPU
		{EE175750-2FB5-450A-9AFB-C52EF247D717}.Release|Any CPU.Build.0 = Release|Any CPU
		{B905D62B-D0B2-4118-BA1F-CF0179C5C6A1}.Debug|Any CPU.ActiveCfg = Debug|Any CPU
		{B905D62B-D0B2-4118-BA1F-CF0179C5C6A1}.Debug|Any CPU.Build.0 = Debug|Any CPU
		{B905D62B-D0B2-4118-BA1F-CF0179C5C6A1}.Release|Any CPU.ActiveCfg = Release|Any CPU
		{B905D62B-D0B2-4118-BA1F-CF0179C5C6A1}.Release|Any CPU.Build.0 = Release|Any CPU
	EndGlobalSection
EndGlobal
